github.com/DataDog/zstd v1.5.5 h1:oWf5W7GtOLgp6bciQYDmhHHjdhYkALu6S/5Ni9ZgSvQ=
github.com/DataDog/zstd v1.5.5/go.mod h1:g4AWEaM3yOg3HYfnJ3YIawPnVdXJh9QME85blwSAmyw=
github.com/beevik/ntp v1.3.1 h1:Y/srlT8L1yQr58kyPWFPZIxRL8ttx2SRIpVYJqZIlAM=
github.com/beevik/ntp v1.3.1/go.mod h1:fT6PylBq86Tsq23ZMEe47b7QQrZfYBFPnpzt0a9kJxw=
github.com/beorn7/perks v1.0.1 h1:VlbKKnNfV8bJzeqoa4cOKqO6bYr3WgKZxO8Z16+hsOM=
github.com/beorn7/perks v1.0.1/go.mod h1:G2ZrVWU2WbWT9wwq4/hrbKbnv/1ERSJQ0ibhJ6rlkpw=
github.com/capnspacehook/taskmaster v0.0.0-20210519235353-1629df7c85e9 h1:5jmtWADt5DzD8NnPxcqd1FzbFNZNfbJGNeDb+WKjoJ0=
github.com/capnspacehook/taskmaster v0.0.0-20210519235353-1629df7c85e9/go.mod h1:257CYs3Wd/CTlLQ3c72jKv+fFE2MV3WPNnV5jiroYUU=
github.com/cespare/xxhash/v2 v2.2.0 h1:DC2CZ1Ep5Y4k3ZQ899DldepgrayRUGE6BBZ/cd9Cj44=
github.com/cespare/xxhash/v2 v2.2.0/go.mod h1:VGX0DQ3Q6kWi7AoAeZDth3/j3BFtOZR5XLFGgcrjCOs=
github.com/consol-monitoring/check_nsc_web/pkg/checknscweb v0.0.0-20240321161425-fd9209e96e1f h1:y78+ANbT1a0HJbQ9WVmdlQFk7qEpros/o7lLIiY83hk=
github.com/consol-monitoring/check_nsc_web/pkg/checknscweb v0.0.0-20240321161425-fd9209e96e1f/go.mod h1:kGOlGyv+QdtHJMt/13U5UoETFrgGP/6MWtAAWz7tFus=
github.com/cpuguy83/go-md2man/v2 v2.0.3/go.mod h1:tgQtvFlXSQOSOSIRvRPT7W67SCa46tRHOmNcaadrF8o=
github.com/davecgh/go-spew v1.1.0/go.mod h1:J7Y8YcW2NihsgmVo/mv3lAwl/skON4iLHjSsI+c5H38=
github.com/davecgh/go-spew v1.1.1/go.mod h1:J7Y8YcW2NihsgmVo/mv3lAwl/skON4iLHjSsI+c5H38=
github.com/davecgh/go-spew v1.1.2-0.20180830191138-d8f796af33cc h1:U9qPSI2PIWSS1VwoXQT9A3Wy9MM3WgvqSxFWenqJduM=
github.com/davecgh/go-spew v1.1.2-0.20180830191138-d8f796af33cc/go.mod h1:J7Y8YcW2NihsgmVo/mv3lAwl/skON4iLHjSsI+c5H38=
github.com/dustin/go-humanize v1.0.1 h1:GzkhY7T5VNhEkwH0PVJgjz+fX1rhBrR7pRT3mDkpeCY=
github.com/dustin/go-humanize v1.0.1/go.mod h1:Mu1zIs6XwVuF/gI1OepvI0qD18qycQx+mFykh5fBlto=
github.com/fsnotify/fsnotify v1.4.7/go.mod h1:jwhsz4b93w/PPRr/qN1Yymfu8t87LnFCMoQvtojpjFo=
github.com/go-chi/chi/v5 v5.0.12 h1:9euLV5sTrTNTRUU9POmDUvfxyj6LAABLUcEWO+JJb4s=
github.com/go-chi/chi/v5 v5.0.12/go.mod h1:DslCQbL2OYiznFReuXYUmQ2hGd1aDpCnlMNITLSKoi8=
github.com/go-ole/go-ole v1.2.4/go.mod h1:XCwSNxSkXRo4vlyPy93sltvi/qJq0jqQhjqQNIwKuxM=
github.com/go-ole/go-ole v1.2.6/go.mod h1:pprOEPIfldk/42T2oK7lQ4v4JSDwmV0As9GaiUsvbm0=
github.com/go-ole/go-ole v1.3.0 h1:Dt6ye7+vXGIKZ7Xtk4s6/xVdGDQynvom7xCFEdWr6uE=
github.com/go-ole/go-ole v1.3.0/go.mod h1:5LS6F96DhAwUc7C+1HLexzMXY1xGRSryjyPPKW6zv78=
github.com/golang/protobuf v1.2.0/go.mod h1:6lQm79b+lXiMfvg/cZm0SGofjICqVBUtrP5yJMmIC1U=
github.com/golang/protobuf v1.4.0-rc.1/go.mod h1:ceaxUfeHdC40wWswd/P6IGgMaK3YpKi5j83Wpe3EHw8=
github.com/golang/protobuf v1.4.0-rc.1.0.20200221234624-67d41d38c208/go.mod h1:xKAWHe0F5eneWXFV3EuXVDTCmh+JuBKY0li0aMyXATA=
github.com/golang/protobuf v1.4.0-rc.2/go.mod h1:LlEzMj4AhA7rCAGe4KMBDvJI+AwstrUpVNzEA03Pprs=
github.com/golang/protobuf v1.4.0-rc.4.0.20200313231945-b860323f09d0/go.mod h1:WU3c8KckQ9AFe+yFwt9sWVRKCVIyN9cPHBJSNnbL67w=
github.com/golang/protobuf v1.4.0/go.mod h1:jodUvKwWbYaEsadDk5Fwe5c77LiNKVO9IDvqG2KuDX0=
github.com/golang/protobuf v1.4.2/go.mod h1:oDoupMAO8OvCJWAcko0GGGIgR6R6ocIYbsSw735rRwI=
github.com/google/go-cmp v0.3.0/go.mod h1:8QqcDgzrUqlUb/G2PQTWiueGozuR1884gddMywk6iLU=
github.com/google/go-cmp v0.3.1/go.mod h1:8QqcDgzrUqlUb/G2PQTWiueGozuR1884gddMywk6iLU=
github.com/google/go-cmp v0.4.0/go.mod h1:v8dTdLbMG2kIc/vJvl+f65V22dbkXbowE6jgT/gNBxE=
github.com/google/go-cmp v0.5.6/go.mod h1:v8dTdLbMG2kIc/vJvl+f65V22dbkXbowE6jgT/gNBxE=
github.com/google/go-cmp v0.5.9/go.mod h1:17dUlkBOakJ0+DkrSSNjCkIjxS6bF9zb3elmeNGIjoY=
github.com/google/go-cmp v0.6.0 h1:ofyhxvXcZhMsU5ulbFiLKl/XBFqE1GSq7atu8tAmTRI=
github.com/google/go-cmp v0.6.0/go.mod h1:17dUlkBOakJ0+DkrSSNjCkIjxS6bF9zb3elmeNGIjoY=
github.com/hpcloud/tail v1.0.0/go.mod h1:ab1qPbhIpdTxEkNHXyeSf5vhxWSCs/tWer42PpOxQnU=
github.com/inconshreveable/mousetrap v1.1.0 h1:wN+x4NVGpMsO7ErUn/mUI3vEoE6Jt13X2s0bqwp9tc8=
github.com/inconshreveable/mousetrap v1.1.0/go.mod h1:vpF70FUmC8bwa3OWnCshd2FqLfsEA9PFc4w1p2J65bw=
github.com/jessevdk/go-flags v1.5.0 h1:1jKYvbxEjfUl0fmqTCOfonvskHHXMjBySTLW4y9LFvc=
github.com/jessevdk/go-flags v1.5.0/go.mod h1:Fw0T6WPc1dYxT4mKEZRfG5kJhaTDP9pj1c2EWnYs/m4=
github.com/kardianos/osext v0.0.0-20190222173326-2bc1f35cddc0 h1:iQTw/8FWTuc7uiaSepXwyf3o52HaUYcV+Tu66S3F5GA=
github.com/kardianos/osext v0.0.0-20190222173326-2bc1f35cddc0/go.mod h1:1NbS8ALrpOvjt0rHPNLyCIeMtbizbir8U//inJ+zuB8=
github.com/kdar/factorlog v0.0.0-20211012144011-6ea75a169038 h1:ah2n2FwhELUb5o+KV0zAw8izxYC6UdK6dzjOKr3hfA8=
github.com/kdar/factorlog v0.0.0-20211012144011-6ea75a169038/go.mod h1:vLeQHWaOMUQZ1ytnCskhwI5fCcXA7xxK0QjCngYPqbo=
github.com/klauspost/compress v1.17.7 h1:ehO88t2UGzQK66LMdE8tibEd1ErmzZjNEqWkjLAKQQg=
github.com/klauspost/compress v1.17.7/go.mod h1:Di0epgTjJY877eYKx5yC51cX2A2Vl2ibi7bDH9ttBbw=
github.com/kr/pretty v0.3.1 h1:flRD4NNwYAUpkphVc1HcthR4KEIFJ65n8Mw5qdRn3LE=
github.com/kr/pretty v0.3.1/go.mod h1:hoEshYVHaxMs3cyo3Yncou5ZscifuDolrwPKZanG3xk=
github.com/kr/text v0.2.0 h1:5Nx0Ya0ZqY2ygV366QzturHI13Jq95ApcVaJBhpS+AY=
github.com/kr/text v0.2.0/go.mod h1:eLer722TekiGuMkidMxC/pM04lWEeraHUUmBw8l2grE=
github.com/lufia/plan9stats v0.0.0-20211012122336-39d0f177ccd0/go.mod h1:zJYVVT2jmtg6P3p1VtQj7WsuWi/y4VnjVBn7F8KPB3I=
github.com/lufia/plan9stats v0.0.0-20240226150601-1dcf7310316a h1:3Bm7EwfUQUvhNeKIkUct/gl9eod1TcXuj8stxvi/GoI=
github.com/lufia/plan9stats v0.0.0-20240226150601-1dcf7310316a/go.mod h1:ilwx/Dta8jXAgpFYFvSWEMwxmbWXyiUHkd5FwyKhb5k=
github.com/mackerelio/checkers v0.2.0 h1:YBOQjpU2Qno66eUrUEH6DjWn+Wna5BXCKMdekz50XWs=
github.com/mackerelio/checkers v0.2.0/go.mod h1:CW3k/5bvHhxDrfKgWvMvNH0R51zco141ZVxlI7o/KAc=
github.com/mattn/go-colorable v0.1.13 h1:fFA4WZxdEF4tXPZVKMLwD8oUnCTTo08duU7wxecdEvA=
github.com/mattn/go-colorable v0.1.13/go.mod h1:7S9/ev0klgBDR4GtXTXX8a3vIGJpMovkB8vQcUbaXHg=
github.com/mattn/go-isatty v0.0.16/go.mod h1:kYGgaQfpe5nmfYZH+SKPsOc2e4SrIfOl2e/yFXSvRLM=
github.com/mattn/go-isatty v0.0.20 h1:xfD0iDuEKnDkl03q4limB+vH+GxLEtL/jb4xVJSWWEY=
github.com/mattn/go-isatty v0.0.20/go.mod h1:W+V8PltTTMOvKvAeJH7IuucS94S2C6jfK/D7dTCTo3Y=
github.com/mgutz/ansi v0.0.0-20200706080929-d51e80ef957d h1:5PJl274Y63IEHC+7izoQE9x6ikvDFZS2mDVS3drnohI=
github.com/mgutz/ansi v0.0.0-20200706080929-d51e80ef957d/go.mod h1:01TrycV0kFyexm33Z7vhZRXopbI8J3TDReVlkTgMUxE=
github.com/miekg/dns v1.1.58 h1:ca2Hdkz+cDg/7eNF6V56jjzuZ4aCAE+DbVkILdQWG/4=
github.com/miekg/dns v1.1.58/go.mod h1:Ypv+3b/KadlvW9vJfXOTf300O4UqaHFzFCuHz+rPkBY=
github.com/nxadm/tail v1.4.4/go.mod h1:kenIhsEOeOJmVchQTgglprH7qJGnHDVpk1VPCcaMI8A=
github.com/onsi/ginkgo v1.6.0/go.mod h1:lLunBs/Ym6LB5Z9jYTR76FiuTmxDTDusOGeTQH+WWjE=
github.com/onsi/ginkgo v1.12.1/go.mod h1:zj2OWP4+oCPe1qIXoGWkgMRwljMUYCdkwsT2108oapk=
github.com/onsi/gomega v1.7.1/go.mod h1:XdKZgCCFLUoM/7CFJVPcG8C1xQ1AJ0vpAezJrB7JYyY=
github.com/onsi/gomega v1.10.2/go.mod h1:iN09h71vgCQne3DLsj+A5owkum+a2tYe+TOCB1ybHNo=
github.com/onsi/gomega v1.27.10 h1:naR28SdDFlqrG6kScpT8VWpu1xWY5nJRCF3XaYyBjhI=
github.com/onsi/gomega v1.27.10/go.mod h1:RsS8tutOdbdgzbPtzzATp12yT7kM5I5aElG3evPbQ0M=
github.com/otiai10/copy v1.14.0 h1:dCI/t1iTdYGtkvCuBG2BgR6KZa83PTclw4U5n2wAllU=
github.com/otiai10/copy v1.14.0/go.mod h1:ECfuL02W+/FkTWZWgQqXPWZgW9oeKCSQ5qVfSc4qc4w=
github.com/petermattis/goid v0.0.0-20180202154549-b0b1615b78e5/go.mod h1:jvVRKCrJTQWu0XVbaOlby/2lO20uSCHEMzzplHXte1o=
github.com/petermattis/goid v0.0.0-20231207134359-e60b3f734c67 h1:jik8PHtAIsPlCRJjJzl4udgEf7hawInF9texMeO2jrU=
github.com/petermattis/goid v0.0.0-20231207134359-e60b3f734c67/go.mod h1:pxMtw7cyUw6B2bRH0ZBANSPg+AoSud1I1iyJHI69jH4=
github.com/pmezard/go-difflib v1.0.0/go.mod h1:iKH77koFhYxTK1pcRnkKkqfTogsbg7gZNVY4sRDYZ/4=
github.com/pmezard/go-difflib v1.0.1-0.20181226105442-5d4384ee4fb2 h1:Jamvg5psRIccs7FGNTlIRMkT8wgtp5eCXdBlqhYGL6U=
github.com/pmezard/go-difflib v1.0.1-0.20181226105442-5d4384ee4fb2/go.mod h1:iKH77koFhYxTK1pcRnkKkqfTogsbg7gZNVY4sRDYZ/4=
github.com/power-devops/perfstat v0.0.0-20210106213030-5aafc221ea8c/go.mod h1:OmDBASR4679mdNQnz2pUhc2G8CO2JrUAVFDRBDP/hJE=
github.com/power-devops/perfstat v0.0.0-20240221224432-82ca36839d55 h1:o4JXh1EVt9k/+g42oCprj/FisM4qX9L3sZB3upGN2ZU=
github.com/power-devops/perfstat v0.0.0-20240221224432-82ca36839d55/go.mod h1:OmDBASR4679mdNQnz2pUhc2G8CO2JrUAVFDRBDP/hJE=
github.com/prometheus/client_golang v1.19.0 h1:ygXvpU1AoN1MhdzckN+PyD9QJOSD4x7kmXYlnfbA6JU=
github.com/prometheus/client_golang v1.19.0/go.mod h1:ZRM9uEAypZakd+q/x7+gmsvXdURP+DABIEIjnmDdp+k=
github.com/prometheus/client_model v0.6.0 h1:k1v3CzpSRUTrKMppY35TLwPvxHqBu0bYgxZzqGIgaos=
github.com/prometheus/client_model v0.6.0/go.mod h1:NTQHnmxFpouOD0DpvP4XujX3CdOAGQPoaGhyTchlyt8=
github.com/prometheus/common v0.51.0 h1:vT5R9NAlW4V6k8Wruk7ikrHaHRsrPbduM/cKTOdQM/k=
github.com/prometheus/common v0.51.0/go.mod h1:wHFBCEVWVmHMUpg7pYcOm2QUR/ocQdYSJVQJKnHc3xQ=
github.com/prometheus/procfs v0.13.0 h1:GqzLlQyfsPbaEHaQkO7tbDlriv/4o5Hudv6OXHGKX7o=
github.com/prometheus/procfs v0.13.0/go.mod h1:cd4PFCR54QLnGKPaKGA6l+cfuNXtht43ZKY6tow0Y1g=
github.com/reeflective/readline v1.0.14 h1:sgKLpi3figH8IcWx3Hu3rCeGJQ6W+6KtZ3PTdcAD3jA=
github.com/reeflective/readline v1.0.14/go.mod h1:3iOe/qyb2jEy0KqLrNlb/CojBVqxga9ACqz/VU22H6A=
github.com/rickb777/date v1.14.2/go.mod h1:swmf05C+hN+m8/Xh7gEq3uB6QJDNc5pQBWojKdHetOs=
github.com/rickb777/date v1.20.6 h1:DQ4QZDcJt+CytSnkFgL0JtQWO0NXN3SaXcTUovoxXhk=
github.com/rickb777/date v1.20.6/go.mod h1:k/6AwXJ0l62oPgZlZ60/Jnf3m+6aTIJQ5Wp/gMpUhSg=
github.com/rickb777/plural v1.2.2/go.mod h1:xyHbelv4YvJE51gjMnHvk+U2e9zIysg6lTnSQK8XUYA=
github.com/rickb777/plural v1.4.1 h1:5MMLcbIaapLFmvDGRT5iPk8877hpTPt8Y9cdSKRw9sU=
github.com/rickb777/plural v1.4.1/go.mod h1:kdmXUpmKBJTS0FtG/TFumd//VBWsNTD7zOw7x4umxNw=
github.com/rivo/uniseg v0.4.4 h1:8TfxU8dW6PdqD27gjM8MVNuicgxIjxpm4K7x4jp8sis=
github.com/rivo/uniseg v0.4.4/go.mod h1:FN3SvrM+Zdj16jyLfmOkMNblXMcoc8DfTHruCPUcx88=
github.com/rogpeppe/go-internal v1.12.0 h1:exVL4IDcn6na9z1rAb56Vxr+CgyK3nn3O+epU5NdKM8=
github.com/rogpeppe/go-internal v1.12.0/go.mod h1:E+RYuTGaKKdloAfM02xzb0FW3Paa99yedzYV+kq4uf4=
github.com/russross/blackfriday/v2 v2.1.0/go.mod h1:+Rmxgy9KzJVeS9/2gXHxylqXiyQDYRxCVz55jmeOWTM=
github.com/sasha-s/go-deadlock v0.3.1 h1:sqv7fDNShgjcaxkO0JNcOAlr8B9+cV5Ey/OB71efZx0=
github.com/sasha-s/go-deadlock v0.3.1/go.mod h1:F73l+cr82YSh10GxyRI6qZiCgK64VaZjwesgfQ1/iLM=
github.com/sassoftware/go-rpmutils v0.3.0 h1:tE4TZ8KcOXay5iIP64P291s6Qxd9MQCYhI7DU+f3gFA=
github.com/sassoftware/go-rpmutils v0.3.0/go.mod h1:hM9wdxFsjUFR/tJ6SMsLrJuChcucCa0DsCzE9RMfwMo=
github.com/sevlyar/go-daemon v0.1.6 h1:EUh1MDjEM4BI109Jign0EaknA2izkOyi0LV3ro3QQGs=
github.com/sevlyar/go-daemon v0.1.6/go.mod h1:6dJpPatBT9eUwM5VCw9Bt6CdX9Tk6UWvhW3MebLDRKE=
github.com/shoenig/go-m1cpu v0.1.6 h1:nxdKQNcEB6vzgA2E2bvzKIYRuNj7XNJ4S/aRSwKzFtM=
github.com/shoenig/go-m1cpu v0.1.6/go.mod h1:1JJMcUBvfNwpq05QDQVAnx3gUHr9IYF7GNg9SUEw2VQ=
github.com/shoenig/test v0.6.4 h1:kVTaSd7WLz5WZ2IaoM0RSzRsUD+m8wRR+5qvntpn4LU=
github.com/shoenig/test v0.6.4/go.mod h1:byHiCGXqrVaflBLAMq/srcZIHynQPQgeyvkvXnjqq0k=
github.com/sni/check_http_go/pkg/checkhttp v0.0.0-20231227232912-71c069b10aae h1:Vs6gIDLP0ScFqMXYBRFxxkKpgYA4ZG7D3Fdb2DXvpiw=
github.com/sni/check_http_go/pkg/checkhttp v0.0.0-20231227232912-71c069b10aae/go.mod h1:+883jOgD5TA7mWGdmyfb75Cd6jC03PIYZXzXd2tsraQ=
github.com/sni/gopsutil/v3 v3.0.0-20240129124248-a5f3e5722a21 h1:vcdRBFDj2TY5+Q7RSRlO1C9AA7SPeruYaoYd4trneUE=
github.com/sni/gopsutil/v3 v3.0.0-20240129124248-a5f3e5722a21/go.mod h1:UU7a2MSBQa+kW1uuDq8DeEBS8kmrnQwsv2b5O513rwU=
github.com/sni/shelltoken v0.0.0-20240314123449-84b0a0c05450 h1:SeS7fOQd4OM5XtWFzHGYY48c28Ow3DZPiR9Lsbe4Qmc=
github.com/sni/shelltoken v0.0.0-20240314123449-84b0a0c05450/go.mod h1:cXwJUaHDAOKKNTNhvEhApdzY5EqX4uZYFQ1u1ItS4iA=
github.com/spf13/cobra v1.8.0 h1:7aJaZx1B85qltLMc546zn58BxxfZdR/W22ej9CFoEf0=
github.com/spf13/cobra v1.8.0/go.mod h1:WXLWApfZ71AjXPya3WOlMsY9yMs7YeiHhFVlvLyhcho=
github.com/spf13/pflag v1.0.5 h1:iy+VFUOCP1a+8yFto/drg2CJ5u0yRoB7fZw3DKv/JXA=
github.com/spf13/pflag v1.0.5/go.mod h1:McXfInJRrz4CZXVZOBLb0bTZqETkiAhM9Iw0y3An2Bg=
github.com/stretchr/objx v0.1.0/go.mod h1:HFkY916IF+rwdDfMAkV7OtwuqBVzrE8GR6GFx+wExME=
github.com/stretchr/objx v0.4.0/go.mod h1:YvHI0jy2hoMjB+UWwv71VJQ9isScKT/TqJzVSSt89Yw=
github.com/stretchr/objx v0.5.0/go.mod h1:Yh+to48EsGEfYuaHDzXPcE3xhTkx73EhmCGUpEOglKo=
github.com/stretchr/testify v1.7.1/go.mod h1:6Fq8oRcR53rry900zMqJjRRixrwX3KX962/h/Wwjteg=
github.com/stretchr/testify v1.8.0/go.mod h1:yNjHg4UonilssWZ8iaSj1OCr/vHnekPRkoO+kdMU+MU=
github.com/stretchr/testify v1.8.4/go.mod h1:sz/lmYIOXD/1dqDmKjjqLyZ2RngseejIcXlSw2iwfAo=
github.com/stretchr/testify v1.9.0 h1:HtqpIVDClZ4nwg75+f6Lvsy/wHu+3BoSGCbBAcpTsTg=
github.com/stretchr/testify v1.9.0/go.mod h1:r2ic/lqez/lEtzL7wO/rwa5dbSLXVDPFyf8C91i36aY=
github.com/tklauser/go-sysconf v0.3.12/go.mod h1:Ho14jnntGE1fpdOqQEEaiKRpvIavV0hSfmBq8nJbHYI=
github.com/tklauser/go-sysconf v0.3.13 h1:GBUpcahXSpR2xN01jhkNAbTLRk2Yzgggk8IM08lq3r4=
github.com/tklauser/go-sysconf v0.3.13/go.mod h1:zwleP4Q4OehZHGn4CYZDipCgg9usW5IJePewFCGVEa0=
github.com/tklauser/numcpus v0.6.1/go.mod h1:1XfjsgE2zo8GVw7POkMbHENHzVg3GzmoZ9fESEdAacY=
github.com/tklauser/numcpus v0.7.0 h1:yjuerZP127QG9m5Zh/mSO4wqurYil27tHrqwRoRjpr4=
github.com/tklauser/numcpus v0.7.0/go.mod h1:bb6dMVcj8A42tSE7i32fsIUCbQNllK5iDguyOZRUzAY=
github.com/ulikunitz/xz v0.5.11 h1:kpFauv27b6ynzBNT/Xy+1k+fK4WswhN/6PN5WhFAGw8=
github.com/ulikunitz/xz v0.5.11/go.mod h1:nbz6k7qbPmH4IRqmfOplQw/tblSgqTqBwxkY0oWt/14=
github.com/xi2/xz v0.0.0-20171230120015-48954b6210f8 h1:nIPpBwaJSVYIxUFsDv3M8ofmx9yWTog9BfvIu0q41lo=
github.com/xi2/xz v0.0.0-20171230120015-48954b6210f8/go.mod h1:HUYIGzjTL3rfEspMxjDjgmT5uz5wzYJKVo23qUhYTos=
github.com/yusufpapurcu/wmi v1.2.3/go.mod h1:SBZ9tNy3G9/m5Oi98Zks0QjeHVDvuK0qfxQmPyzfmi0=
github.com/yusufpapurcu/wmi v1.2.4 h1:zFUKzehAFReQwLys1b/iSMl+JQGSCSjtVqQn9bBrPo0=
github.com/yusufpapurcu/wmi v1.2.4/go.mod h1:SBZ9tNy3G9/m5Oi98Zks0QjeHVDvuK0qfxQmPyzfmi0=
go.uber.org/goleak v1.3.0 h1:2K3zAYmnTNqV73imy9J1T3WC+gmCePx2hEGkimedGto=
go.uber.org/goleak v1.3.0/go.mod h1:CoHD4mav9JJNrW/WLlf7HGZPjdw8EucARQHekz1X6bE=
golang.org/x/crypto v0.0.0-20190308221718-c2843e01d9a2/go.mod h1:djNgcEr1/C05ACkg1iLfiJU5Ep61QUkGW8qpdssI0+w=
golang.org/x/crypto v0.0.0-20200622213623-75b288015ac9/go.mod h1:LzIPMQfyMNhhGPhUkYOs5KpL4U8rLKemX1yGLhDgUto=
golang.org/x/crypto v0.21.0 h1:X31++rzVUdKhX5sWmSOFZxx8UW/ldWx55cbf08iNAMA=
golang.org/x/crypto v0.21.0/go.mod h1:0BP7YvVV9gBbVKyeTG0Gyn+gZm94bibOW5BjDEYAOMs=
golang.org/x/exp v0.0.0-20240318143956-a85f2c67cd81 h1:6R2FC06FonbXQ8pK11/PDFY6N6LWlf9KlzibaCapmqc=
golang.org/x/exp v0.0.0-20240318143956-a85f2c67cd81/go.mod h1:CQ1k9gNrJ50XIzaKCRR2hssIjF07kZFEiieALBM/ARQ=
golang.org/x/mod v0.16.0 h1:QX4fJ0Rr5cPQCF7O9lh9Se4pmwfwskqZfq5moyldzic=
golang.org/x/mod v0.16.0/go.mod h1:hTbmBsO62+eylJbnUtE2MGJUyE7QWk4xUqPFrRgJ+7c=
golang.org/x/net v0.0.0-20180906233101-161cd47e91fd/go.mod h1:mL1N/T3taQHkDXs73rZJwtUhF3w3ftmwwsq0BUmARs4=
golang.org/x/net v0.0.0-20190404232315-eb5bcb51f2a3/go.mod h1:t9HGtf8HONx5eT2rtn7q6eTqICYqUVnKs3thJo3Qplg=
golang.org/x/net v0.0.0-20200520004742-59133d7f0dd7/go.mod h1:qpuaurCH72eLCgpAm/N6yyVIVM9cpaDIP3A8BGJEC5A=
golang.org/x/net v0.0.0-20201006153459-a7d1128ccaa0/go.mod h1:sp8m0HH+o8qH0wwXwYZr8TS3Oi6o0r6Gce1SSxlDquU=
golang.org/x/net v0.22.0 h1:9sGLhx7iRIHEiX0oAJ3MRZMUCElJgy7Br1nO+AMN3Tc=
golang.org/x/net v0.22.0/go.mod h1:JKghWKKOSdJwpW2GEx0Ja7fmaKnMsbu+MWVZTokSYmg=
golang.org/x/sync v0.0.0-20180314180146-1d60e4601c6f/go.mod h1:RxMgew5VJxzue5/jJTE5uejpjVlOe/izrB70Jof72aM=
golang.org/x/sync v0.6.0 h1:5BMeUDZ7vkXGfEr1x9B4bRcTH4lpkTkpdh0T/J+qjbQ=
golang.org/x/sync v0.6.0/go.mod h1:Czt+wKu1gCyEFDUtn0jG5QVvpJ6rzVqr5aXyt9drQfk=
golang.org/x/sys v0.0.0-20180909124046-d0be0721c37e/go.mod h1:STP8DvDyc/dI5b8T5hshtkjS+E42TnysNCUPdjciGhY=
golang.org/x/sys v0.0.0-20190215142949-d0b11bdaac8a/go.mod h1:STP8DvDyc/dI5b8T5hshtkjS+E42TnysNCUPdjciGhY=
golang.org/x/sys v0.0.0-20190412213103-97732733099d/go.mod h1:h1NjWce9XRLGQEsW7wpKNCjG9DtNlClVuFLEZdDNbEs=
golang.org/x/sys v0.0.0-20190904154756-749cb33beabd/go.mod h1:h1NjWce9XRLGQEsW7wpKNCjG9DtNlClVuFLEZdDNbEs=
golang.org/x/sys v0.0.0-20190916202348-b4ddaad3f8a3/go.mod h1:h1NjWce9XRLGQEsW7wpKNCjG9DtNlClVuFLEZdDNbEs=
golang.org/x/sys v0.0.0-20191120155948-bd437916bb0e/go.mod h1:h1NjWce9XRLGQEsW7wpKNCjG9DtNlClVuFLEZdDNbEs=
golang.org/x/sys v0.0.0-20200323222414-85ca7c5b95cd/go.mod h1:h1NjWce9XRLGQEsW7wpKNCjG9DtNlClVuFLEZdDNbEs=
golang.org/x/sys v0.0.0-20200930185726-fdedc70b468f/go.mod h1:h1NjWce9XRLGQEsW7wpKNCjG9DtNlClVuFLEZdDNbEs=
golang.org/x/sys v0.0.0-20201204225414-ed752295db88/go.mod h1:h1NjWce9XRLGQEsW7wpKNCjG9DtNlClVuFLEZdDNbEs=
golang.org/x/sys v0.0.0-20210320140829-1e4c9ba3b0c4/go.mod h1:h1NjWce9XRLGQEsW7wpKNCjG9DtNlClVuFLEZdDNbEs=
golang.org/x/sys v0.0.0-20220811171246-fbc7d0a398ab/go.mod h1:oPkhp1MJrh7nUepCBck5+mAzfO9JrbApNNgaTdGDITg=
golang.org/x/sys v0.1.0/go.mod h1:oPkhp1MJrh7nUepCBck5+mAzfO9JrbApNNgaTdGDITg=
golang.org/x/sys v0.6.0/go.mod h1:oPkhp1MJrh7nUepCBck5+mAzfO9JrbApNNgaTdGDITg=
golang.org/x/sys v0.8.0/go.mod h1:oPkhp1MJrh7nUepCBck5+mAzfO9JrbApNNgaTdGDITg=
golang.org/x/sys v0.11.0/go.mod h1:oPkhp1MJrh7nUepCBck5+mAzfO9JrbApNNgaTdGDITg=
golang.org/x/sys v0.16.0/go.mod h1:/VUhepiaJMQUp4+oa/7Zr1D23ma6VTLIYjOOTFZPUcA=
golang.org/x/sys v0.18.0 h1:DBdB3niSjOA/O0blCZBqDefyWNYveAYMNF1Wum0DYQ4=
golang.org/x/sys v0.18.0/go.mod h1:/VUhepiaJMQUp4+oa/7Zr1D23ma6VTLIYjOOTFZPUcA=
golang.org/x/term v0.18.0 h1:FcHjZXDMxI8mM3nwhX9HlKop4C0YQvCVCdwYl2wOtE8=
golang.org/x/term v0.18.0/go.mod h1:ILwASektA3OnRv7amZ1xhE/KTR+u50pbXfZ03+6Nx58=
golang.org/x/text v0.3.0/go.mod h1:NqM8EUOU14njkJ3fqMW+pc6Ldnwhi/IjpwHt7yyuwOQ=
golang.org/x/text v0.3.3/go.mod h1:5Zoc/QRtKVWzQhOtBMvqHzDpF6irO9z98xDceosuGiQ=
golang.org/x/text v0.14.0 h1:ScX5w1eTa3QqT8oi6+ziP7dTV1S2+ALU0bI+0zXKWiQ=
golang.org/x/text v0.14.0/go.mod h1:18ZOQIKpY8NJVqYksKHtTdi31H5itFRjB5/qKTNYzSU=
golang.org/x/tools v0.0.0-20180917221912-90fa682c2a6e/go.mod h1:n7NCudcB/nEzxVGmLbDWY5pfWTLqBcC2KZ6jyYvM4mQ=
golang.org/x/tools v0.19.0 h1:tfGCXNR1OsFG+sVdLAitlpjAvD/I6dHDKnYrpEZUHkw=
golang.org/x/tools v0.19.0/go.mod h1:qoJWxmGSIBmAeriMx19ogtrEPrGtDbPK634QFIcLAhc=
golang.org/x/xerrors v0.0.0-20191204190536-9bdfabe68543/go.mod h1:I/5z698sn9Ka8TeJc9MKroUUfqBBauWjQqLJ2OPfmY0=
golang.org/x/xerrors v0.0.0-20200804184101-5ec99f83aff1/go.mod h1:I/5z698sn9Ka8TeJc9MKroUUfqBBauWjQqLJ2OPfmY0=
google.golang.org/protobuf v0.0.0-20200109180630-ec00e32a8dfd/go.mod h1:DFci5gLYBciE7Vtevhsrf46CRTquxDuWsQurQQe4oz8=
google.golang.org/protobuf v0.0.0-20200221191635-4d8936d0db64/go.mod h1:kwYJMbMJ01Woi6D6+Kah6886xMZcty6N08ah7+eCXa0=
google.golang.org/protobuf v0.0.0-20200228230310-ab0ca4ff8a60/go.mod h1:cfTl7dwQJ+fmap5saPgwCLgHXTUD7jkjRqWcaiX5VyM=
google.golang.org/protobuf v1.20.1-0.20200309200217-e05f789c0967/go.mod h1:A+miEFZTKqfCUM6K7xSMQL9OKL/b6hQv+e19PK+JZNE=
google.golang.org/protobuf v1.21.0/go.mod h1:47Nbq4nVaFHyn7ilMalzfO3qCViNmqZ2kzikPIcrTAo=
google.golang.org/protobuf v1.23.0/go.mod h1:EGpADcykh3NcUnDUJcl1+ZksZNG86OlYog2l/sGQquU=
google.golang.org/protobuf v1.33.0 h1:uNO2rsAINq/JlFpSdYEKIZ0uKD/R9cpdv0T+yoGwGmI=
google.golang.org/protobuf v1.33.0/go.mod h1:c6P6GXX6sHbq/GpV6MGZEdwhWPcYBgnhAHhKbcUYpos=
gopkg.in/check.v1 v0.0.0-20161208181325-20d25e280405/go.mod h1:Co6ibVJAznAaIkqp8huTwlJQCZ016jof/cbN4VW5Yz0=
gopkg.in/check.v1 v1.0.0-20201130134442-10cb98267c6c h1:Hei/4ADfdWqJk1ZMxUNpqntNwaWcugrBjAiHlqqRiVk=
gopkg.in/check.v1 v1.0.0-20201130134442-10cb98267c6c/go.mod h1:JHkPIbrfpd72SG/EVd6muEfDQjcINNoR0C8j2r3qZ4Q=
gopkg.in/fsnotify.v1 v1.4.7/go.mod h1:Tz8NjZHkW78fSQdbUxIjBTcgA1z1m8ZHf0WmKUhAMys=
gopkg.in/tomb.v1 v1.0.0-20141024135613-dd632973f1e7/go.mod h1:dt/ZhP58zS4L8KSrWDmTeBkI65Dw0HsyUHuEVlX15mw=
gopkg.in/yaml.v2 v2.2.4/go.mod h1:hI93XBmqTisBFMUTm0b8Fm+jr3Dg1NNxqwp+5A1VGuI=
gopkg.in/yaml.v2 v2.3.0/go.mod h1:hI93XBmqTisBFMUTm0b8Fm+jr3Dg1NNxqwp+5A1VGuI=
gopkg.in/yaml.v3 v3.0.0-20200313102051-9f266ea9e77c/go.mod h1:K4uyk7z7BCEPqu6E+C64Yfv1cQ7kz7rIZviUmN+EgEM=
gopkg.in/yaml.v3 v3.0.1 h1:fxVm/GzAzEWqLHuvctI91KS9hhNmmWOoWu0XTYJS7CA=
gopkg.in/yaml.v3 v3.0.1/go.mod h1:K4uyk7z7BCEPqu6E+C64Yfv1cQ7kz7rIZviUmN+EgEM=
